<?xml version="1.0" encoding="utf-8"?>
<Project ToolsVersion="4.0" xmlns="http://schemas.microsoft.com/developer/msbuild/2003">
  <ItemGroup>
    <Filter Include="Source Files">
      <UniqueIdentifier>{4FC737F1-C7A5-4376-A066-2A32D752A2FF}</UniqueIdentifier>
      <Extensions>cpp;c;cc;cxx;def;odl;idl;hpj;bat;asm;asmx</Extensions>
    </Filter>
    <Filter Include="Header Files">
      <UniqueIdentifier>{93995380-89BD-4b04-88EB-625FBE52EBFB}</UniqueIdentifier>
      <Extensions>h;hh;hpp;hxx;hm;inl;inc;xsd</Extensions>
    </Filter>
    <Filter Include="Resource Files">
      <UniqueIdentifier>{67DA6AB6-F800-4c08-8B7A-83BB121AAD01}</UniqueIdentifier>
      <Extensions>rc;ico;cur;bmp;dlg;rc2;rct;bin;rgs;gif;jpg;jpeg;jpe;resx;tiff;tif;png;wav;mfcribbon-ms</Extensions>
    </Filter>
  </ItemGroup>
  <ItemGroup>
    <ClCompile Include="TomatoLib\Async\Async.cpp">
      <Filter>Source Files</Filter>
    </ClCompile>
    <ClCompile Include="TomatoLib\Game\Camera.cpp">
      <Filter>Source Files</Filter>
    </ClCompile>
    <ClCompile Include="TomatoLib\Game\Game.cpp">
      <Filter>Source Files</Filter>
    </ClCompile>
    <ClCompile Include="TomatoLib\Game\Window.cpp">
      <Filter>Source Files</Filter>
    </ClCompile>
    <ClCompile Include="TomatoLib\Graphics\Color.cpp">
      <Filter>Source Files</Filter>
    </ClCompile>
    <ClCompile Include="TomatoLib\Graphics\Render.cpp">
      <Filter>Source Files</Filter>
    </ClCompile>
    <ClCompile Include="TomatoLib\Graphics\Shader.cpp">
      <Filter>Source Files</Filter>
    </ClCompile>
    <ClCompile Include="TomatoLib\Graphics\Texture.cpp">
      <Filter>Source Files</Filter>
    </ClCompile>
    <ClCompile Include="TomatoLib\Libaries\LodePNG\lodepng.cpp">
      <Filter>Source Files</Filter>
    </ClCompile>
    <ClCompile Include="TomatoLib\Libaries\LodePNG\lodepng_util.cpp">
      <Filter>Source Files</Filter>
    </ClCompile>
    <ClCompile Include="TomatoLib\Math\AABB.cpp">
      <Filter>Source Files</Filter>
    </ClCompile>
    <ClCompile Include="TomatoLib\Math\Matrix.cpp">
      <Filter>Source Files</Filter>
    </ClCompile>
    <ClCompile Include="TomatoLib\Math\Vector2.cpp">
      <Filter>Source Files</Filter>
    </ClCompile>
    <ClCompile Include="TomatoLib\Math\Vector3.cpp">
      <Filter>Source Files</Filter>
    </ClCompile>
    <ClCompile Include="TomatoLib\Networking\Connection.cpp">
      <Filter>Source Files</Filter>
    </ClCompile>
    <ClCompile Include="TomatoLib\Networking\EzSock.cpp">
      <Filter>Source Files</Filter>
    </ClCompile>
    <ClCompile Include="TomatoLib\Networking\Packet.cpp">
      <Filter>Source Files</Filter>
    </ClCompile>
    <ClCompile Include="TomatoLib\UI\Menus\UIConsole.cpp">
      <Filter>Source Files</Filter>
    </ClCompile>
    <ClCompile Include="TomatoLib\UI\Menus\UIGraph.cpp">
      <Filter>Source Files</Filter>
    </ClCompile>
    <ClCompile Include="TomatoLib\UI\UIAdvancedTextEntry.cpp">
      <Filter>Source Files</Filter>
    </ClCompile>
    <ClCompile Include="TomatoLib\UI\UIBase.cpp">
      <Filter>Source Files</Filter>
    </ClCompile>
    <ClCompile Include="TomatoLib\UI\UIButton.cpp">
      <Filter>Source Files</Filter>
    </ClCompile>
    <ClCompile Include="TomatoLib\UI\UICheckBox.cpp">
      <Filter>Source Files</Filter>
    </ClCompile>
    <ClCompile Include="TomatoLib\UI\UIDropDown.cpp">
      <Filter>Source Files</Filter>
    </ClCompile>
    <ClCompile Include="TomatoLib\UI\UIFrame.cpp">
      <Filter>Source Files</Filter>
    </ClCompile>
    <ClCompile Include="TomatoLib\UI\UILabel.cpp">
      <Filter>Source Files</Filter>
    </ClCompile>
    <ClCompile Include="TomatoLib\UI\UIManager.cpp">
      <Filter>Source Files</Filter>
    </ClCompile>
    <ClCompile Include="TomatoLib\UI\UIPanel.cpp">
      <Filter>Source Files</Filter>
    </ClCompile>
    <ClCompile Include="TomatoLib\UI\UIProgressBar.cpp">
      <Filter>Source Files</Filter>
    </ClCompile>
    <ClCompile Include="TomatoLib\UI\UIScrollPanel.cpp">
      <Filter>Source Files</Filter>
    </ClCompile>
    <ClCompile Include="TomatoLib\UI\UISlider.cpp">
      <Filter>Source Files</Filter>
    </ClCompile>
    <ClCompile Include="TomatoLib\UI\UITextEntry.cpp">
      <Filter>Source Files</Filter>
    </ClCompile>
    <ClCompile Include="TomatoLib\Utilities\HTTP.cpp">
      <Filter>Source Files</Filter>
    </ClCompile>
    <ClCompile Include="TomatoLib\Utilities\Utilities.cpp">
      <Filter>Source Files</Filter>
    </ClCompile>
    <ClCompile Include="TomatoLib\Graphics\Font.cpp">
      <Filter>Source Files</Filter>
    </ClCompile>
    <ClCompile Include="TomatoLib\MapFormats\Bsp.cpp">
      <Filter>Source Files</Filter>
    </ClCompile>
    <ClCompile Include="TomatoLib\UI\UIContextMenu.cpp">
      <Filter>Source Files</Filter>
    </ClCompile>
    <ClCompile Include="TomatoLib\UI\UIFrameBorderless.cpp">
      <Filter>Source Files</Filter>
    </ClCompile>
    <ClCompile Include="TomatoLib\UI\UITexture.cpp">
      <Filter>Source Files</Filter>
    </ClCompile>
  </ItemGroup>
  <ItemGroup>
    <ClInclude Include="TomatoLib\Async\Async.h">
      <Filter>Header Files</Filter>
    </ClInclude>
    <ClInclude Include="TomatoLib\Game\Camera.h">
      <Filter>Header Files</Filter>
    </ClInclude>
    <ClInclude Include="TomatoLib\Game\Game.h">
      <Filter>Header Files</Filter>
    </ClInclude>
    <ClInclude Include="TomatoLib\Game\Window.h">
      <Filter>Header Files</Filter>
    </ClInclude>
    <ClInclude Include="TomatoLib\Graphics\Color.h">
      <Filter>Header Files</Filter>
    </ClInclude>
    <ClInclude Include="TomatoLib\Graphics\Render.h">
      <Filter>Header Files</Filter>
    </ClInclude>
    <ClInclude Include="TomatoLib\Graphics\Shader.h">
      <Filter>Header Files</Filter>
    </ClInclude>
    <ClInclude Include="TomatoLib\Graphics\Texture.h">
      <Filter>Header Files</Filter>
    </ClInclude>
    <ClInclude Include="TomatoLib\Libaries\LodePNG\lodepng.h">
      <Filter>Header Files</Filter>
    </ClInclude>
    <ClInclude Include="TomatoLib\Libaries\LodePNG\lodepng_util.h">
      <Filter>Header Files</Filter>
    </ClInclude>
    <ClInclude Include="TomatoLib\Math\AABB.h">
      <Filter>Header Files</Filter>
    </ClInclude>
    <ClInclude Include="TomatoLib\Math\Matrix.h">
      <Filter>Header Files</Filter>
    </ClInclude>
    <ClInclude Include="TomatoLib\Math\Vector2.h">
      <Filter>Header Files</Filter>
    </ClInclude>
    <ClInclude Include="TomatoLib\Math\Vector3.h">
      <Filter>Header Files</Filter>
    </ClInclude>
    <ClInclude Include="TomatoLib\Networking\Connection.h">
      <Filter>Header Files</Filter>
    </ClInclude>
    <ClInclude Include="TomatoLib\Networking\EzSock.h">
      <Filter>Header Files</Filter>
    </ClInclude>
    <ClInclude Include="TomatoLib\Networking\Packet.h">
      <Filter>Header Files</Filter>
    </ClInclude>
    <ClInclude Include="TomatoLib\UI\Menus\UIConsole.h">
      <Filter>Header Files</Filter>
    </ClInclude>
    <ClInclude Include="TomatoLib\UI\Menus\UIGraph.h">
      <Filter>Header Files</Filter>
    </ClInclude>
    <ClInclude Include="TomatoLib\UI\UIAdvancedTextEntry.h">
      <Filter>Header Files</Filter>
    </ClInclude>
    <ClInclude Include="TomatoLib\UI\UIBase.h">
      <Filter>Header Files</Filter>
    </ClInclude>
    <ClInclude Include="TomatoLib\UI\UIButton.h">
      <Filter>Header Files</Filter>
    </ClInclude>
    <ClInclude Include="TomatoLib\UI\UICheckBox.h">
      <Filter>Header Files</Filter>
    </ClInclude>
    <ClInclude Include="TomatoLib\UI\UIDropDown.h">
      <Filter>Header Files</Filter>
    </ClInclude>
    <ClInclude Include="TomatoLib\UI\UIFrame.h">
      <Filter>Header Files</Filter>
    </ClInclude>
    <ClInclude Include="TomatoLib\UI\UILabel.h">
      <Filter>Header Files</Filter>
    </ClInclude>
    <ClInclude Include="TomatoLib\UI\UIManager.h">
      <Filter>Header Files</Filter>
    </ClInclude>
    <ClInclude Include="TomatoLib\UI\UIPanel.h">
      <Filter>Header Files</Filter>
    </ClInclude>
    <ClInclude Include="TomatoLib\UI\UIProgressBar.h">
      <Filter>Header Files</Filter>
    </ClInclude>
    <ClInclude Include="TomatoLib\UI\UIScrollPanel.h">
      <Filter>Header Files</Filter>
    </ClInclude>
    <ClInclude Include="TomatoLib\UI\UISlider.h">
      <Filter>Header Files</Filter>
    </ClInclude>
    <ClInclude Include="TomatoLib\UI\UITextEntry.h">
      <Filter>Header Files</Filter>
    </ClInclude>
    <ClInclude Include="TomatoLib\Utilities\Dictonary.h">
      <Filter>Header Files</Filter>
    </ClInclude>
    <ClInclude Include="TomatoLib\Utilities\HTTP.h">
      <Filter>Header Files</Filter>
    </ClInclude>
    <ClInclude Include="TomatoLib\Utilities\List.h">
      <Filter>Header Files</Filter>
    </ClInclude>
    <ClInclude Include="TomatoLib\Utilities\Utilities.h">
      <Filter>Header Files</Filter>
    </ClInclude>
    <ClInclude Include="TomatoLib\Defines.h">
      <Filter>Header Files</Filter>
    </ClInclude>
    <ClInclude Include="TomatoLib\Graphics\Font.h">
      <Filter>Header Files</Filter>
    </ClInclude>
    <ClInclude Include="TomatoLib\MapFormats\Bsp.h">
      <Filter>Header Files</Filter>
    </ClInclude>
    <ClInclude Include="TomatoLib\Utilities\zip_uncompressed.h">
      <Filter>Header Files</Filter>
    </ClInclude>
    <ClInclude Include="TomatoLib\UI\UIContextMenu.h">
      <Filter>Header Files</Filter>
    </ClInclude>
    <ClInclude Include="TomatoLib\UI\UIFrameBorderless.h">
      <Filter>Header Files</Filter>
    </ClInclude>
    <ClInclude Include="TomatoLib\UI\UITexture.h">
      <Filter>Header Files</Filter>
    </ClInclude>
  </ItemGroup>
</Project>